
Microsoft Visual Studio Solution File, Format Version 12.00
# Visual Studio Version 16
VisualStudioVersion = 16.0.30717.126
MinimumVisualStudioVersion = 10.0.40219.1
Project("{9A19103F-16F7-4668-BE54-9A1E7A4F7556}") = "BinaryTreeWebAPI", "BinaryTreeWebAPI\BinaryTreeWebAPI.csproj", "{AE44A502-8C9E-45EC-B4C8-BC072CE62F8B}"
EndProject
Project("{2150E333-8FDC-42A3-9474-1A3956D46DE8}") = "BinaryTreeAPI", "BinaryTreeAPI", "{58818093-E3F7-48F6-9466-C063F0C0E5EC}"
EndProject
Project("{2150E333-8FDC-42A3-9474-1A3956D46DE8}") = "BinaryTree.Entities", "BinaryTree.Entities", "{EEE2110F-B70F-46CB-9706-C8716B54303C}"
EndProject
Project("{9A19103F-16F7-4668-BE54-9A1E7A4F7556}") = "BinaryTree.EntitiesProject", "BinaryTree.EntitiesProject\BinaryTree.EntitiesProject.csproj", "{B2272AB7-13DE-4460-9A0E-65935F4509BA}"
EndProject
Project("{2150E333-8FDC-42A3-9474-1A3956D46DE8}") = "BinaryTree.Core", "BinaryTree.Core", "{39745EA6-A0A0-4AB7-B457-FFAAECFAC887}"
EndProject
Project("{9A19103F-16F7-4668-BE54-9A1E7A4F7556}") = "BinaryTree.CoreProject", "BinaryTree.CoreProject\BinaryTree.CoreProject.csproj", "{EFF75920-C13B-4FB4-BCEE-7D9F1D90B8FF}"
EndProject
Project("{2150E333-8FDC-42A3-9474-1A3956D46DE8}") = "UnitTest", "UnitTest", "{59C231FE-82CA-4C06-84D0-7BC8A5F9F9F9}"
EndProject
Project("{FAE04EC0-301F-11D3-BF4B-00C04F79EFBC}") = "UnitTestProject1", "UnitTestProject1\UnitTestProject1.csproj", "{C1EAC448-2192-415B-B18A-156512D23DE9}"
EndProject
Global
	GlobalSection(SolutionConfigurationPlatforms) = preSolution
		Debug|Any CPU = Debug|Any CPU
		Release|Any CPU = Release|Any CPU
	EndGlobalSection
	GlobalSection(ProjectConfigurationPlatforms) = postSolution
		{AE44A502-8C9E-45EC-B4C8-BC072CE62F8B}.Debug|Any CPU.ActiveCfg = Debug|Any CPU
		{AE44A502-8C9E-45EC-B4C8-BC072CE62F8B}.Debug|Any CPU.Build.0 = Debug|Any CPU
		{AE44A502-8C9E-45EC-B4C8-BC072CE62F8B}.Release|Any CPU.ActiveCfg = Release|Any CPU
		{AE44A502-8C9E-45EC-B4C8-BC072CE62F8B}.Release|Any CPU.Build.0 = Release|Any CPU
		{B2272AB7-13DE-4460-9A0E-65935F4509BA}.Debug|Any CPU.ActiveCfg = Debug|Any CPU
		{B2272AB7-13DE-4460-9A0E-65935F4509BA}.Debug|Any CPU.Build.0 = Debug|Any CPU
		{B2272AB7-13DE-4460-9A0E-65935F4509BA}.Release|Any CPU.ActiveCfg = Release|Any CPU
		{B2272AB7-13DE-4460-9A0E-65935F4509BA}.Release|Any CPU.Build.0 = Release|Any CPU
		{EFF75920-C13B-4FB4-BCEE-7D9F1D90B8FF}.Debug|Any CPU.ActiveCfg = Debug|Any CPU
		{EFF75920-C13B-4FB4-BCEE-7D9F1D90B8FF}.Debug|Any CPU.Build.0 = Debug|Any CPU
		{EFF75920-C13B-4FB4-BCEE-7D9F1D90B8FF}.Release|Any CPU.ActiveCfg = Release|Any CPU
		{EFF75920-C13B-4FB4-BCEE-7D9F1D90B8FF}.Release|Any CPU.Build.0 = Release|Any CPU
		{C1EAC448-2192-415B-B18A-156512D23DE9}.Debug|Any CPU.ActiveCfg = Debug|Any CPU
		{C1EAC448-2192-415B-B18A-156512D23DE9}.Debug|Any CPU.Build.0 = Debug|Any CPU
		{C1EAC448-2192-415B-B18A-156512D23DE9}.Release|Any CPU.ActiveCfg = Release|Any CPU
		{C1EAC448-2192-415B-B18A-156512D23DE9}.Release|Any CPU.Build.0 = Release|Any CPU
	EndGlobalSection
	GlobalSection(SolutionProperties) = preSolution
		HideSolutionNode = FALSE
	EndGlobalSection
	GlobalSection(NestedProjects) = preSolution
		{AE44A502-8C9E-45EC-B4C8-BC072CE62F8B} = {58818093-E3F7-48F6-9466-C063F0C0E5EC}
		{B2272AB7-13DE-4460-9A0E-65935F4509BA} = {EEE2110F-B70F-46CB-9706-C8716B54303C}
		{EFF75920-C13B-4FB4-BCEE-7D9F1D90B8FF} = {39745EA6-A0A0-4AB7-B457-FFAAECFAC887}
		{C1EAC448-2192-415B-B18A-156512D23DE9} = {59C231FE-82CA-4C06-84D0-7BC8A5F9F9F9}
	EndGlobalSection
	GlobalSection(ExtensibilityGlobals) = postSolution
		SolutionGuid = {155FCEFE-371B-460A-8932-EC0F535BB4C9}
	EndGlobalSection
EndGlobal
